
Microsoft Visual Studio Solution File, Format Version 12.00
# Visual Studio Version 17
VisualStudioVersion = 17.7.34221.43
MinimumVisualStudioVersion = 10.0.40219.1
Project("{FAE04EC0-301F-11D3-BF4B-00C04F79EFBC}") = "QuizApp", "QuizApp\QuizApp.csproj", "{12AAF742-FE9F-461C-9963-90600C5F2BB0}"
EndProject
Global
	GlobalSection(SolutionConfigurationPlatforms) = preSolution
		Debug|Any CPU = Debug|Any CPU
		Release|Any CPU = Release|Any CPU
	EndGlobalSection
	GlobalSection(ProjectConfigurationPlatforms) = postSolution
		{12AAF742-FE9F-461C-9963-90600C5F2BB0}.Debug|Any CPU.ActiveCfg = Debug|Any CPU
		{12AAF742-FE9F-461C-9963-90600C5F2BB0}.Debug|Any CPU.Build.0 = Debug|Any CPU
		{12AAF742-FE9F-461C-9963-90600C5F2BB0}.Release|Any CPU.ActiveCfg = Release|Any CPU
		{12AAF742-FE9F-461C-9963-90600C5F2BB0}.Release|Any CPU.Build.0 = Release|Any CPU
	EndGlobalSection
	GlobalSection(SolutionProperties) = preSolution
		HideSolutionNode = FALSE
	EndGlobalSection
	GlobalSection(ExtensibilityGlobals) = postSolution
		SolutionGuid = {83BD5891-0F8F-4685-83EE-23E85FC14FE8}
	EndGlobalSection
EndGlobal
